
Microsoft Visual Studio Solution File, Format Version 12.00
# Visual Studio Version 16
VisualStudioVersion = 16.0.29920.165
MinimumVisualStudioVersion = 10.0.40219.1
Project("{9A19103F-16F7-4668-BE54-9A1E7A4F7556}") = "SpaceStation", "SpaceStation.csproj", "{52C457B4-7E94-479C-A73D-24F3F0401FAC}"
EndProject
Global
	GlobalSection(SolutionConfigurationPlatforms) = preSolution
		Debug|Any CPU = Debug|Any CPU
		Release|Any CPU = Release|Any CPU
	EndGlobalSection
	GlobalSection(ProjectConfigurationPlatforms) = postSolution
		{52C457B4-7E94-479C-A73D-24F3F0401FAC}.Debug|Any CPU.ActiveCfg = Debug|Any CPU
		{52C457B4-7E94-479C-A73D-24F3F0401FAC}.Debug|Any CPU.Build.0 = Debug|Any CPU
		{52C457B4-7E94-479C-A73D-24F3F0401FAC}.Release|Any CPU.ActiveCfg = Release|Any CPU
		{52C457B4-7E94-479C-A73D-24F3F0401FAC}.Release|Any CPU.Build.0 = Release|Any CPU
	EndGlobalSection
	GlobalSection(SolutionProperties) = preSolution
		HideSolutionNode = FALSE
	EndGlobalSection
	GlobalSection(ExtensibilityGlobals) = postSolution
		SolutionGuid = {35E4AD6D-3D79-4255-A739-688C9CD8598D}
	EndGlobalSection
EndGlobal
