
Microsoft Visual Studio Solution File, Format Version 12.00
# Visual Studio Version 16
VisualStudioVersion = 16.0.29709.97
MinimumVisualStudioVersion = 10.0.40219.1
Project("{FAE04EC0-301F-11D3-BF4B-00C04F79EFBC}") = "P03Telephony", "P03Telephony\P03Telephony.csproj", "{3BFB3353-380E-47B7-B330-62B67060AD45}"
EndProject
Project("{FAE04EC0-301F-11D3-BF4B-00C04F79EFBC}") = "P04P05P06BorderControl", "P04BorderControl\P04P05P06BorderControl.csproj", "{09BC9BD0-FAAA-4972-AD3E-FAC654F257F3}"
EndProject
Project("{FAE04EC0-301F-11D3-BF4B-00C04F79EFBC}") = "P07MilitaryElite", "P07MilitaryElite\P07MilitaryElite.csproj", "{580EEB10-F30D-407C-94FF-A89AA4FD400D}"
EndProject
Project("{FAE04EC0-301F-11D3-BF4B-00C04F79EFBC}") = "P09ExplicitInterfaces", "P09ExplicitInterfaces\P09ExplicitInterfaces.csproj", "{9678C677-BA27-49F3-A6C2-EC8BF8CA0526}"
EndProject
Project("{FAE04EC0-301F-11D3-BF4B-00C04F79EFBC}") = "P08CollectionHierarchy", "P08CollectionHierarchy\P08CollectionHierarchy.csproj", "{2A1F0AFC-58EE-427D-9A4B-2A98028F9DBD}"
EndProject
Global
	GlobalSection(SolutionConfigurationPlatforms) = preSolution
		Debug|Any CPU = Debug|Any CPU
		Release|Any CPU = Release|Any CPU
	EndGlobalSection
	GlobalSection(ProjectConfigurationPlatforms) = postSolution
		{3BFB3353-380E-47B7-B330-62B67060AD45}.Debug|Any CPU.ActiveCfg = Debug|Any CPU
		{3BFB3353-380E-47B7-B330-62B67060AD45}.Debug|Any CPU.Build.0 = Debug|Any CPU
		{3BFB3353-380E-47B7-B330-62B67060AD45}.Release|Any CPU.ActiveCfg = Release|Any CPU
		{3BFB3353-380E-47B7-B330-62B67060AD45}.Release|Any CPU.Build.0 = Release|Any CPU
		{09BC9BD0-FAAA-4972-AD3E-FAC654F257F3}.Debug|Any CPU.ActiveCfg = Debug|Any CPU
		{09BC9BD0-FAAA-4972-AD3E-FAC654F257F3}.Debug|Any CPU.Build.0 = Debug|Any CPU
		{09BC9BD0-FAAA-4972-AD3E-FAC654F257F3}.Release|Any CPU.ActiveCfg = Release|Any CPU
		{09BC9BD0-FAAA-4972-AD3E-FAC654F257F3}.Release|Any CPU.Build.0 = Release|Any CPU
		{580EEB10-F30D-407C-94FF-A89AA4FD400D}.Debug|Any CPU.ActiveCfg = Debug|Any CPU
		{580EEB10-F30D-407C-94FF-A89AA4FD400D}.Debug|Any CPU.Build.0 = Debug|Any CPU
		{580EEB10-F30D-407C-94FF-A89AA4FD400D}.Release|Any CPU.ActiveCfg = Release|Any CPU
		{580EEB10-F30D-407C-94FF-A89AA4FD400D}.Release|Any CPU.Build.0 = Release|Any CPU
		{9678C677-BA27-49F3-A6C2-EC8BF8CA0526}.Debug|Any CPU.ActiveCfg = Debug|Any CPU
		{9678C677-BA27-49F3-A6C2-EC8BF8CA0526}.Debug|Any CPU.Build.0 = Debug|Any CPU
		{9678C677-BA27-49F3-A6C2-EC8BF8CA0526}.Release|Any CPU.ActiveCfg = Release|Any CPU
		{9678C677-BA27-49F3-A6C2-EC8BF8CA0526}.Release|Any CPU.Build.0 = Release|Any CPU
		{2A1F0AFC-58EE-427D-9A4B-2A98028F9DBD}.Debug|Any CPU.ActiveCfg = Debug|Any CPU
		{2A1F0AFC-58EE-427D-9A4B-2A98028F9DBD}.Debug|Any CPU.Build.0 = Debug|Any CPU
		{2A1F0AFC-58EE-427D-9A4B-2A98028F9DBD}.Release|Any CPU.ActiveCfg = Release|Any CPU
		{2A1F0AFC-58EE-427D-9A4B-2A98028F9DBD}.Release|Any CPU.Build.0 = Release|Any CPU
	EndGlobalSection
	GlobalSection(SolutionProperties) = preSolution
		HideSolutionNode = FALSE
	EndGlobalSection
	GlobalSection(ExtensibilityGlobals) = postSolution
		SolutionGuid = {D1FD33BB-8C04-4E54-A6E3-14D6816974B6}
	EndGlobalSection
EndGlobal
